<?xml version="1.0" encoding="utf-8"?>
<Project ToolsVersion="16.0" xmlns="http://schemas.microsoft.com/developer/msbuild/2003">
  <ItemGroup>
    <ClCompile Include="C:\nap\compiled_0.6.0\apps\foglio\module\src\foglioservice.cpp">
      <Filter>Sources</Filter>
    </ClCompile>
    <ClCompile Include="C:\nap\compiled_0.6.0\apps\foglio\module\src\napfoglio.cpp">
      <Filter>Sources</Filter>
    </ClCompile>
    <ClCompile Include="..\..\module\src\rendercanvascomponent.cpp">
      <Filter>Sources</Filter>
    </ClCompile>
    <ClCompile Include="..\..\module\src\canvasshader.cpp">
      <Filter>Sources</Filter>
    </ClCompile>
  </ItemGroup>
  <ItemGroup>
    <ClInclude Include="C:\nap\compiled_0.6.0\apps\foglio\module\src\foglioservice.h">
      <Filter>Headers</Filter>
    </ClInclude>
    <ClInclude Include="C:\nap\compiled_0.6.0\system_modules\naprender\include\bitmap.h">
      <Filter>Modules\naprender</Filter>
    </ClInclude>
    <ClInclude Include="C:\nap\compiled_0.6.0\system_modules\naprender\include\bitmapfilebuffer.h">
      <Filter>Modules\naprender</Filter>
    </ClInclude>
    <ClInclude Include="C:\nap\compiled_0.6.0\system_modules\naprender\include\blurshader.h">
      <Filter>Modules\naprender</Filter>
    </ClInclude>
    <ClInclude Include="C:\nap\compiled_0.6.0\system_modules\naprender\include\boxmesh.h">
      <Filter>Modules\naprender</Filter>
    </ClInclude>
    <ClInclude Include="C:\nap\compiled_0.6.0\system_modules\naprender\include\bufferbinding.h">
      <Filter>Modules\naprender</Filter>
    </ClInclude>
    <ClInclude Include="C:\nap\compiled_0.6.0\system_modules\naprender\include\bufferbindinginstance.h">
      <Filter>Modules\naprender</Filter>
    </ClInclude>
    <ClInclude Include="C:\nap\compiled_0.6.0\system_modules\naprender\include\cameracomponent.h">
      <Filter>Modules\naprender</Filter>
    </ClInclude>
    <ClInclude Include="C:\nap\compiled_0.6.0\system_modules\naprender\include\coloradjustmentshader.h">
      <Filter>Modules\naprender</Filter>
    </ClInclude>
    <ClInclude Include="C:\nap\compiled_0.6.0\system_modules\naprender\include\computecomponent.h">
      <Filter>Modules\naprender</Filter>
    </ClInclude>
    <ClInclude Include="C:\nap\compiled_0.6.0\system_modules\naprender\include\constantshader.h">
      <Filter>Modules\naprender</Filter>
    </ClInclude>
    <ClInclude Include="C:\nap\compiled_0.6.0\system_modules\naprender\include\copyimagedata.h">
      <Filter>Modules\naprender</Filter>
    </ClInclude>
    <ClInclude Include="C:\nap\compiled_0.6.0\system_modules\naprender\include\descriptorsetallocator.h">
      <Filter>Modules\naprender</Filter>
    </ClInclude>
    <ClInclude Include="C:\nap\compiled_0.6.0\system_modules\naprender\include\descriptorsetcache.h">
      <Filter>Modules\naprender</Filter>
    </ClInclude>
    <ClInclude Include="C:\nap\compiled_0.6.0\system_modules\naprender\include\fbxconverter.h">
      <Filter>Modules\naprender</Filter>
    </ClInclude>
    <ClInclude Include="C:\nap\compiled_0.6.0\system_modules\naprender\include\fillpolicy.h">
      <Filter>Modules\naprender</Filter>
    </ClInclude>
    <ClInclude Include="C:\nap\compiled_0.6.0\system_modules\naprender\include\fontshader.h">
      <Filter>Modules\naprender</Filter>
    </ClInclude>
    <ClInclude Include="C:\nap\compiled_0.6.0\system_modules\naprender\include\formatutils.h">
      <Filter>Modules\naprender</Filter>
    </ClInclude>
    <ClInclude Include="C:\nap\compiled_0.6.0\system_modules\naprender\include\geometryfromfile.h">
      <Filter>Modules\naprender</Filter>
    </ClInclude>
    <ClInclude Include="C:\nap\compiled_0.6.0\system_modules\naprender\include\gnomonmesh.h">
      <Filter>Modules\naprender</Filter>
    </ClInclude>
    <ClInclude Include="C:\nap\compiled_0.6.0\system_modules\naprender\include\gnomonshader.h">
      <Filter>Modules\naprender</Filter>
    </ClInclude>
    <ClInclude Include="C:\nap\compiled_0.6.0\system_modules\naprender\include\gpubuffer.h">
      <Filter>Modules\naprender</Filter>
    </ClInclude>
    <ClInclude Include="C:\nap\compiled_0.6.0\system_modules\naprender\include\gpumesh.h">
      <Filter>Modules\naprender</Filter>
    </ClInclude>
    <ClInclude Include="C:\nap\compiled_0.6.0\system_modules\naprender\include\image.h">
      <Filter>Modules\naprender</Filter>
    </ClInclude>
    <ClInclude Include="C:\nap\compiled_0.6.0\system_modules\naprender\include\imagefromfile.h">
      <Filter>Modules\naprender</Filter>
    </ClInclude>
    <ClInclude Include="C:\nap\compiled_0.6.0\system_modules\naprender\include\irendertarget.h">
      <Filter>Modules\naprender</Filter>
    </ClInclude>
    <ClInclude Include="C:\nap\compiled_0.6.0\system_modules\naprender\include\material.h">
      <Filter>Modules\naprender</Filter>
    </ClInclude>
    <ClInclude Include="C:\nap\compiled_0.6.0\system_modules\naprender\include\materialcommon.h">
      <Filter>Modules\naprender</Filter>
    </ClInclude>
    <ClInclude Include="C:\nap\compiled_0.6.0\system_modules\naprender\include\materialinstance.h">
      <Filter>Modules\naprender</Filter>
    </ClInclude>
    <ClInclude Include="C:\nap\compiled_0.6.0\system_modules\naprender\include\mesh.h">
      <Filter>Modules\naprender</Filter>
    </ClInclude>
    <ClInclude Include="C:\nap\compiled_0.6.0\system_modules\naprender\include\meshfromfile.h">
      <Filter>Modules\naprender</Filter>
    </ClInclude>
    <ClInclude Include="C:\nap\compiled_0.6.0\system_modules\naprender\include\meshutils.h">
      <Filter>Modules\naprender</Filter>
    </ClInclude>
    <ClInclude Include="C:\nap\compiled_0.6.0\system_modules\naprender\include\orthocameracomponent.h">
      <Filter>Modules\naprender</Filter>
    </ClInclude>
    <ClInclude Include="C:\nap\compiled_0.6.0\system_modules\naprender\include\perspcameracomponent.h">
      <Filter>Modules\naprender</Filter>
    </ClInclude>
    <ClInclude Include="C:\nap\compiled_0.6.0\system_modules\naprender\include\pipelinekey.h">
      <Filter>Modules\naprender</Filter>
    </ClInclude>
    <ClInclude Include="C:\nap\compiled_0.6.0\system_modules\naprender\include\planemesh.h">
      <Filter>Modules\naprender</Filter>
    </ClInclude>
    <ClInclude Include="C:\nap\compiled_0.6.0\system_modules\naprender\include\polyline.h">
      <Filter>Modules\naprender</Filter>
    </ClInclude>
    <ClInclude Include="C:\nap\compiled_0.6.0\system_modules\naprender\include\randomfillpolicy.h">
      <Filter>Modules\naprender</Filter>
    </ClInclude>
    <ClInclude Include="C:\nap\compiled_0.6.0\system_modules\naprender\include\renderable2dtextcomponent.h">
      <Filter>Modules\naprender</Filter>
    </ClInclude>
    <ClInclude Include="C:\nap\compiled_0.6.0\system_modules\naprender\include\renderable3dtextcomponent.h">
      <Filter>Modules\naprender</Filter>
    </ClInclude>
    <ClInclude Include="C:\nap\compiled_0.6.0\system_modules\naprender\include\renderableglyph.h">
      <Filter>Modules\naprender</Filter>
    </ClInclude>
    <ClInclude Include="C:\nap\compiled_0.6.0\system_modules\naprender\include\renderablemesh.h">
      <Filter>Modules\naprender</Filter>
    </ClInclude>
    <ClInclude Include="C:\nap\compiled_0.6.0\system_modules\naprender\include\renderablemeshcomponent.h">
      <Filter>Modules\naprender</Filter>
    </ClInclude>
    <ClInclude Include="C:\nap\compiled_0.6.0\system_modules\naprender\include\renderabletextcomponent.h">
      <Filter>Modules\naprender</Filter>
    </ClInclude>
    <ClInclude Include="C:\nap\compiled_0.6.0\system_modules\naprender\include\renderbloomcomponent.h">
      <Filter>Modules\naprender</Filter>
    </ClInclude>
    <ClInclude Include="C:\nap\compiled_0.6.0\system_modules\naprender\include\rendercomponent.h">
      <Filter>Modules\naprender</Filter>
    </ClInclude>
    <ClInclude Include="C:\nap\compiled_0.6.0\system_modules\naprender\include\renderglobals.h">
      <Filter>Modules\naprender</Filter>
    </ClInclude>
    <ClInclude Include="C:\nap\compiled_0.6.0\system_modules\naprender\include\rendergnomoncomponent.h">
      <Filter>Modules\naprender</Filter>
    </ClInclude>
    <ClInclude Include="C:\nap\compiled_0.6.0\system_modules\naprender\include\renderservice.h">
      <Filter>Modules\naprender</Filter>
    </ClInclude>
    <ClInclude Include="C:\nap\compiled_0.6.0\system_modules\naprender\include\rendertarget.h">
      <Filter>Modules\naprender</Filter>
    </ClInclude>
    <ClInclude Include="C:\nap\compiled_0.6.0\system_modules\naprender\include\rendertexture2d.h">
      <Filter>Modules\naprender</Filter>
    </ClInclude>
    <ClInclude Include="C:\nap\compiled_0.6.0\system_modules\naprender\include\rendertotexturecomponent.h">
      <Filter>Modules\naprender</Filter>
    </ClInclude>
    <ClInclude Include="C:\nap\compiled_0.6.0\system_modules\naprender\include\renderutils.h">
      <Filter>Modules\naprender</Filter>
    </ClInclude>
    <ClInclude Include="C:\nap\compiled_0.6.0\system_modules\naprender\include\renderwindow.h">
      <Filter>Modules\naprender</Filter>
    </ClInclude>
    <ClInclude Include="C:\nap\compiled_0.6.0\system_modules\naprender\include\sampler.h">
      <Filter>Modules\naprender</Filter>
    </ClInclude>
    <ClInclude Include="C:\nap\compiled_0.6.0\system_modules\naprender\include\samplerdeclaration.h">
      <Filter>Modules\naprender</Filter>
    </ClInclude>
    <ClInclude Include="C:\nap\compiled_0.6.0\system_modules\naprender\include\samplerinstance.h">
      <Filter>Modules\naprender</Filter>
    </ClInclude>
    <ClInclude Include="C:\nap\compiled_0.6.0\system_modules\naprender\include\scatterpointsmesh.h">
      <Filter>Modules\naprender</Filter>
    </ClInclude>
    <ClInclude Include="C:\nap\compiled_0.6.0\system_modules\naprender\include\sdlhelpers.h">
      <Filter>Modules\naprender</Filter>
    </ClInclude>
    <ClInclude Include="C:\nap\compiled_0.6.0\system_modules\naprender\include\shader.h">
      <Filter>Modules\naprender</Filter>
    </ClInclude>
    <ClInclude Include="C:\nap\compiled_0.6.0\system_modules\naprender\include\shadervariabledeclarations.h">
      <Filter>Modules\naprender</Filter>
    </ClInclude>
    <ClInclude Include="C:\nap\compiled_0.6.0\system_modules\naprender\include\snapshot.h">
      <Filter>Modules\naprender</Filter>
    </ClInclude>
    <ClInclude Include="C:\nap\compiled_0.6.0\system_modules\naprender\include\snapshotrendertarget.h">
      <Filter>Modules\naprender</Filter>
    </ClInclude>
    <ClInclude Include="C:\nap\compiled_0.6.0\system_modules\naprender\include\spheremesh.h">
      <Filter>Modules\naprender</Filter>
    </ClInclude>
    <ClInclude Include="C:\nap\compiled_0.6.0\system_modules\naprender\include\structbuffer.h">
      <Filter>Modules\naprender</Filter>
    </ClInclude>
    <ClInclude Include="C:\nap\compiled_0.6.0\system_modules\naprender\include\structbufferdescriptor.h">
      <Filter>Modules\naprender</Filter>
    </ClInclude>
    <ClInclude Include="C:\nap\compiled_0.6.0\system_modules\naprender\include\structfillpolicy.h">
      <Filter>Modules\naprender</Filter>
    </ClInclude>
    <ClInclude Include="C:\nap\compiled_0.6.0\system_modules\naprender\include\surfacedescriptor.h">
      <Filter>Modules\naprender</Filter>
    </ClInclude>
    <ClInclude Include="C:\nap\compiled_0.6.0\system_modules\naprender\include\texture2d.h">
      <Filter>Modules\naprender</Filter>
    </ClInclude>
    <ClInclude Include="C:\nap\compiled_0.6.0\system_modules\naprender\include\textureshader.h">
      <Filter>Modules\naprender</Filter>
    </ClInclude>
    <ClInclude Include="C:\nap\compiled_0.6.0\system_modules\naprender\include\torusmesh.h">
      <Filter>Modules\naprender</Filter>
    </ClInclude>
    <ClInclude Include="C:\nap\compiled_0.6.0\system_modules\naprender\include\triangleiterator.h">
      <Filter>Modules\naprender</Filter>
    </ClInclude>
    <ClInclude Include="C:\nap\compiled_0.6.0\system_modules\naprender\include\trianglemesh.h">
      <Filter>Modules\naprender</Filter>
    </ClInclude>
    <ClInclude Include="C:\nap\compiled_0.6.0\system_modules\naprender\include\uniform.h">
      <Filter>Modules\naprender</Filter>
    </ClInclude>
    <ClInclude Include="C:\nap\compiled_0.6.0\system_modules\naprender\include\uniformcontainer.h">
      <Filter>Modules\naprender</Filter>
    </ClInclude>
    <ClInclude Include="C:\nap\compiled_0.6.0\system_modules\naprender\include\uniforminstance.h">
      <Filter>Modules\naprender</Filter>
    </ClInclude>
    <ClInclude Include="C:\nap\compiled_0.6.0\system_modules\naprender\include\uniformutils.h">
      <Filter>Modules\naprender</Filter>
    </ClInclude>
    <ClInclude Include="C:\nap\compiled_0.6.0\system_modules\naprender\include\vertexattribute.h">
      <Filter>Modules\naprender</Filter>
    </ClInclude>
    <ClInclude Include="C:\nap\compiled_0.6.0\system_modules\naprender\include\vertexattributedeclaration.h">
      <Filter>Modules\naprender</Filter>
    </ClInclude>
    <ClInclude Include="C:\nap\compiled_0.6.0\system_modules\naprender\include\visualizenormalsmesh.h">
      <Filter>Modules\naprender</Filter>
    </ClInclude>
    <ClInclude Include="C:\nap\compiled_0.6.0\system_modules\naprender\include\vk_mem_alloc.h">
      <Filter>Modules\naprender</Filter>
    </ClInclude>
    <ClInclude Include="C:\nap\compiled_0.6.0\system_modules\napscene\include\component.h">
      <Filter>Modules\napscene</Filter>
    </ClInclude>
    <ClInclude Include="C:\nap\compiled_0.6.0\system_modules\napscene\include\componentptr.h">
      <Filter>Modules\napscene</Filter>
    </ClInclude>
    <ClInclude Include="C:\nap\compiled_0.6.0\system_modules\napscene\include\componentresourcepath.h">
      <Filter>Modules\napscene</Filter>
    </ClInclude>
    <ClInclude Include="C:\nap\compiled_0.6.0\system_modules\napscene\include\depthsorter.h">
      <Filter>Modules\napscene</Filter>
    </ClInclude>
    <ClInclude Include="C:\nap\compiled_0.6.0\system_modules\napscene\include\entity.h">
      <Filter>Modules\napscene</Filter>
    </ClInclude>
    <ClInclude Include="C:\nap\compiled_0.6.0\system_modules\napscene\include\entitycreationparameters.h">
      <Filter>Modules\napscene</Filter>
    </ClInclude>
    <ClInclude Include="C:\nap\compiled_0.6.0\system_modules\napscene\include\entityobjectgraphitem.h">
      <Filter>Modules\napscene</Filter>
    </ClInclude>
    <ClInclude Include="C:\nap\compiled_0.6.0\system_modules\napscene\include\entityptr.h">
      <Filter>Modules\napscene</Filter>
    </ClInclude>
    <ClInclude Include="C:\nap\compiled_0.6.0\system_modules\napscene\include\instanceproperty.h">
      <Filter>Modules\napscene</Filter>
    </ClInclude>
    <ClInclude Include="C:\nap\compiled_0.6.0\system_modules\napscene\include\rotatecomponent.h">
      <Filter>Modules\napscene</Filter>
    </ClInclude>
    <ClInclude Include="C:\nap\compiled_0.6.0\system_modules\napscene\include\scene.h">
      <Filter>Modules\napscene</Filter>
    </ClInclude>
    <ClInclude Include="C:\nap\compiled_0.6.0\system_modules\napscene\include\sceneservice.h">
      <Filter>Modules\napscene</Filter>
    </ClInclude>
    <ClInclude Include="C:\nap\compiled_0.6.0\system_modules\napscene\include\transformcomponent.h">
      <Filter>Modules\napscene</Filter>
    </ClInclude>
    <ClInclude Include="C:\nap\compiled_0.6.0\system_modules\napparameter\include\parameter.h">
      <Filter>Modules\napparameter</Filter>
    </ClInclude>
    <ClInclude Include="C:\nap\compiled_0.6.0\system_modules\napparameter\include\parameterblendcomponent.h">
      <Filter>Modules\napparameter</Filter>
    </ClInclude>
    <ClInclude Include="C:\nap\compiled_0.6.0\system_modules\napparameter\include\parameterblender.h">
      <Filter>Modules\napparameter</Filter>
    </ClInclude>
    <ClInclude Include="C:\nap\compiled_0.6.0\system_modules\napparameter\include\parameterblendgroup.h">
      <Filter>Modules\napparameter</Filter>
    </ClInclude>
    <ClInclude Include="C:\nap\compiled_0.6.0\system_modules\napparameter\include\parameterbutton.h">
      <Filter>Modules\napparameter</Filter>
    </ClInclude>
    <ClInclude Include="C:\nap\compiled_0.6.0\system_modules\napparameter\include\parametercolor.h">
      <Filter>Modules\napparameter</Filter>
    </ClInclude>
    <ClInclude Include="C:\nap\compiled_0.6.0\system_modules\napparameter\include\parameterenum.h">
      <Filter>Modules\napparameter</Filter>
    </ClInclude>
    <ClInclude Include="C:\nap\compiled_0.6.0\system_modules\napparameter\include\parametergroup.h">
      <Filter>Modules\napparameter</Filter>
    </ClInclude>
    <ClInclude Include="C:\nap\compiled_0.6.0\system_modules\napparameter\include\parameternumeric.h">
      <Filter>Modules\napparameter</Filter>
    </ClInclude>
    <ClInclude Include="C:\nap\compiled_0.6.0\system_modules\napparameter\include\parameterquat.h">
      <Filter>Modules\napparameter</Filter>
    </ClInclude>
    <ClInclude Include="C:\nap\compiled_0.6.0\system_modules\napparameter\include\parameterservice.h">
      <Filter>Modules\napparameter</Filter>
    </ClInclude>
    <ClInclude Include="C:\nap\compiled_0.6.0\system_modules\napparameter\include\parametersimple.h">
      <Filter>Modules\napparameter</Filter>
    </ClInclude>
    <ClInclude Include="C:\nap\compiled_0.6.0\system_modules\napparameter\include\parametervec.h">
      <Filter>Modules\napparameter</Filter>
    </ClInclude>
    <ClInclude Include="C:\nap\compiled_0.6.0\system_modules\napvideo\include\rendervideocomponent.h">
      <Filter>Modules\napvideo</Filter>
    </ClInclude>
    <ClInclude Include="C:\nap\compiled_0.6.0\system_modules\napvideo\include\video.h">
      <Filter>Modules\napvideo</Filter>
    </ClInclude>
    <ClInclude Include="C:\nap\compiled_0.6.0\system_modules\napvideo\include\videoaudio.h">
      <Filter>Modules\napvideo</Filter>
    </ClInclude>
    <ClInclude Include="C:\nap\compiled_0.6.0\system_modules\napvideo\include\videoaudiocomponent.h">
      <Filter>Modules\napvideo</Filter>
    </ClInclude>
    <ClInclude Include="C:\nap\compiled_0.6.0\system_modules\napvideo\include\videofile.h">
      <Filter>Modules\napvideo</Filter>
    </ClInclude>
    <ClInclude Include="C:\nap\compiled_0.6.0\system_modules\napvideo\include\videoplayer.h">
      <Filter>Modules\napvideo</Filter>
    </ClInclude>
    <ClInclude Include="C:\nap\compiled_0.6.0\system_modules\napvideo\include\videoservice.h">
      <Filter>Modules\napvideo</Filter>
    </ClInclude>
    <ClInclude Include="C:\nap\compiled_0.6.0\system_modules\napvideo\include\videoshader.h">
      <Filter>Modules\napvideo</Filter>
    </ClInclude>
    <ClInclude Include="C:\nap\compiled_0.6.0\system_modules\napfont\include\font.h">
      <Filter>Modules\napfont</Filter>
    </ClInclude>
    <ClInclude Include="C:\nap\compiled_0.6.0\system_modules\napfont\include\fontservice.h">
      <Filter>Modules\napfont</Filter>
    </ClInclude>
    <ClInclude Include="C:\nap\compiled_0.6.0\system_modules\napfont\include\fontutils.h">
      <Filter>Modules\napfont</Filter>
    </ClInclude>
    <ClInclude Include="C:\nap\compiled_0.6.0\system_modules\napfont\include\glyph.h">
      <Filter>Modules\napfont</Filter>
    </ClInclude>
    <ClInclude Include="C:\nap\compiled_0.6.0\system_modules\napinput\include\controller.h">
      <Filter>Modules\napinput</Filter>
    </ClInclude>
    <ClInclude Include="C:\nap\compiled_0.6.0\system_modules\napinput\include\inputcomponent.h">
      <Filter>Modules\napinput</Filter>
    </ClInclude>
    <ClInclude Include="C:\nap\compiled_0.6.0\system_modules\napinput\include\inputevent.h">
      <Filter>Modules\napinput</Filter>
    </ClInclude>
    <ClInclude Include="C:\nap\compiled_0.6.0\system_modules\napinput\include\inputrouter.h">
      <Filter>Modules\napinput</Filter>
    </ClInclude>
    <ClInclude Include="C:\nap\compiled_0.6.0\system_modules\napinput\include\inputservice.h">
      <Filter>Modules\napinput</Filter>
    </ClInclude>
    <ClInclude Include="C:\nap\compiled_0.6.0\system_modules\napinput\include\keyboard.h">
      <Filter>Modules\napinput</Filter>
    </ClInclude>
    <ClInclude Include="C:\nap\compiled_0.6.0\system_modules\napinput\include\mouse.h">
      <Filter>Modules\napinput</Filter>
    </ClInclude>
    <ClInclude Include="C:\nap\compiled_0.6.0\system_modules\napinput\include\window.h">
      <Filter>Modules\napinput</Filter>
    </ClInclude>
    <ClInclude Include="C:\nap\compiled_0.6.0\system_modules\napinput\include\windowevent.h">
      <Filter>Modules\napinput</Filter>
    </ClInclude>
    <ClInclude Include="C:\nap\compiled_0.6.0\system_modules\napcolor\include\color.h">
      <Filter>Modules\napcolor</Filter>
    </ClInclude>
    <ClInclude Include="C:\nap\compiled_0.6.0\system_modules\napmath\include\box.h">
      <Filter>Modules\napmath</Filter>
    </ClInclude>
    <ClInclude Include="C:\nap\compiled_0.6.0\system_modules\napmath\include\easing.h">
      <Filter>Modules\napmath</Filter>
    </ClInclude>
    <ClInclude Include="C:\nap\compiled_0.6.0\system_modules\napmath\include\fcurve.h">
      <Filter>Modules\napmath</Filter>
    </ClInclude>
    <ClInclude Include="C:\nap\compiled_0.6.0\system_modules\napmath\include\lineutils.h">
      <Filter>Modules\napmath</Filter>
    </ClInclude>
    <ClInclude Include="C:\nap\compiled_0.6.0\system_modules\napmath\include\mathutils.h">
      <Filter>Modules\napmath</Filter>
    </ClInclude>
    <ClInclude Include="C:\nap\compiled_0.6.0\system_modules\napmath\include\psblendmodes.h">
      <Filter>Modules\napmath</Filter>
    </ClInclude>
    <ClInclude Include="C:\nap\compiled_0.6.0\system_modules\napmath\include\rect.h">
      <Filter>Modules\napmath</Filter>
    </ClInclude>
    <ClInclude Include="C:\nap\compiled_0.6.0\system_modules\napmath\include\smoothdamp.h">
      <Filter>Modules\napmath</Filter>
    </ClInclude>
    <ClInclude Include="C:\nap\compiled_0.6.0\system_modules\napmath\include\waveform.h">
      <Filter>Modules\napmath</Filter>
    </ClInclude>
    <ClInclude Include="C:\nap\compiled_0.6.0\system_modules\napaudio\include\audio\component\audiocomponentbase.h">
      <Filter>Modules\napaudio\audio\component</Filter>
    </ClInclude>
    <ClInclude Include="C:\nap\compiled_0.6.0\system_modules\napaudio\include\audio\component\inputcomponent.h">
      <Filter>Modules\napaudio\audio\component</Filter>
    </ClInclude>
    <ClInclude Include="C:\nap\compiled_0.6.0\system_modules\napaudio\include\audio\component\levelmetercomponent.h">
      <Filter>Modules\napaudio\audio\component</Filter>
    </ClInclude>
    <ClInclude Include="C:\nap\compiled_0.6.0\system_modules\napaudio\include\audio\component\outputcomponent.h">
      <Filter>Modules\napaudio\audio\component</Filter>
    </ClInclude>
    <ClInclude Include="C:\nap\compiled_0.6.0\system_modules\napaudio\include\audio\component\playbackcomponent.h">
      <Filter>Modules\napaudio\audio\component</Filter>
    </ClInclude>
    <ClInclude Include="C:\nap\compiled_0.6.0\system_modules\napaudio\include\audio\core\audionode.h">
      <Filter>Modules\napaudio\audio\core</Filter>
    </ClInclude>
    <ClInclude Include="C:\nap\compiled_0.6.0\system_modules\napaudio\include\audio\core\audionodemanager.h">
      <Filter>Modules\napaudio\audio\core</Filter>
    </ClInclude>
    <ClInclude Include="C:\nap\compiled_0.6.0\system_modules\napaudio\include\audio\core\audiopin.h">
      <Filter>Modules\napaudio\audio\core</Filter>
    </ClInclude>
    <ClInclude Include="C:\nap\compiled_0.6.0\system_modules\napaudio\include\audio\core\multichannel.h">
      <Filter>Modules\napaudio\audio\core</Filter>
    </ClInclude>
    <ClInclude Include="C:\nap\compiled_0.6.0\system_modules\napaudio\include\audio\core\process.h">
      <Filter>Modules\napaudio\audio\core</Filter>
    </ClInclude>
    <ClInclude Include="C:\nap\compiled_0.6.0\system_modules\napaudio\include\audio\node\bufferplayernode.h">
      <Filter>Modules\napaudio\audio\node</Filter>
    </ClInclude>
    <ClInclude Include="C:\nap\compiled_0.6.0\system_modules\napaudio\include\audio\node\controlnode.h">
      <Filter>Modules\napaudio\audio\node</Filter>
    </ClInclude>
    <ClInclude Include="C:\nap\compiled_0.6.0\system_modules\napaudio\include\audio\node\filternode.h">
      <Filter>Modules\napaudio\audio\node</Filter>
    </ClInclude>
    <ClInclude Include="C:\nap\compiled_0.6.0\system_modules\napaudio\include\audio\node\gainnode.h">
      <Filter>Modules\napaudio\audio\node</Filter>
    </ClInclude>
    <ClInclude Include="C:\nap\compiled_0.6.0\system_modules\napaudio\include\audio\node\inputnode.h">
      <Filter>Modules\napaudio\audio\node</Filter>
    </ClInclude>
    <ClInclude Include="C:\nap\compiled_0.6.0\system_modules\napaudio\include\audio\node\levelmeternode.h">
      <Filter>Modules\napaudio\audio\node</Filter>
    </ClInclude>
    <ClInclude Include="C:\nap\compiled_0.6.0\system_modules\napaudio\include\audio\node\mixnode.h">
      <Filter>Modules\napaudio\audio\node</Filter>
    </ClInclude>
    <ClInclude Include="C:\nap\compiled_0.6.0\system_modules\napaudio\include\audio\node\multiplynode.h">
      <Filter>Modules\napaudio\audio\node</Filter>
    </ClInclude>
    <ClInclude Include="C:\nap\compiled_0.6.0\system_modules\napaudio\include\audio\node\outputnode.h">
      <Filter>Modules\napaudio\audio\node</Filter>
    </ClInclude>
    <ClInclude Include="C:\nap\compiled_0.6.0\system_modules\napaudio\include\audio\node\pullnode.h">
      <Filter>Modules\napaudio\audio\node</Filter>
    </ClInclude>
    <ClInclude Include="C:\nap\compiled_0.6.0\system_modules\napaudio\include\audio\node\stereopannernode.h">
      <Filter>Modules\napaudio\audio\node</Filter>
    </ClInclude>
    <ClInclude Include="C:\nap\compiled_0.6.0\system_modules\napaudio\include\audio\resource\audiobufferresource.h">
      <Filter>Modules\napaudio\audio\resource</Filter>
    </ClInclude>
    <ClInclude Include="C:\nap\compiled_0.6.0\system_modules\napaudio\include\audio\resource\audiofileresource.h">
      <Filter>Modules\napaudio\audio\resource</Filter>
    </ClInclude>
    <ClInclude Include="C:\nap\compiled_0.6.0\system_modules\napaudio\include\audio\service\audioservice.h">
      <Filter>Modules\napaudio\audio\service</Filter>
    </ClInclude>
    <ClInclude Include="C:\nap\compiled_0.6.0\system_modules\napaudio\include\audio\utility\asyncobserver.h">
      <Filter>Modules\napaudio\audio\utility</Filter>
    </ClInclude>
    <ClInclude Include="C:\nap\compiled_0.6.0\system_modules\napaudio\include\audio\utility\audiofileutils.h">
      <Filter>Modules\napaudio\audio\utility</Filter>
    </ClInclude>
    <ClInclude Include="C:\nap\compiled_0.6.0\system_modules\napaudio\include\audio\utility\audiofunctions.h">
      <Filter>Modules\napaudio\audio\utility</Filter>
    </ClInclude>
    <ClInclude Include="C:\nap\compiled_0.6.0\system_modules\napaudio\include\audio\utility\audiotypes.h">
      <Filter>Modules\napaudio\audio\utility</Filter>
    </ClInclude>
    <ClInclude Include="C:\nap\compiled_0.6.0\system_modules\napaudio\include\audio\utility\delay.h">
      <Filter>Modules\napaudio\audio\utility</Filter>
    </ClInclude>
    <ClInclude Include="C:\nap\compiled_0.6.0\system_modules\napaudio\include\audio\utility\dirtyflag.h">
      <Filter>Modules\napaudio\audio\utility</Filter>
    </ClInclude>
    <ClInclude Include="C:\nap\compiled_0.6.0\system_modules\napaudio\include\audio\utility\linearsmoothedvalue.h">
      <Filter>Modules\napaudio\audio\utility</Filter>
    </ClInclude>
    <ClInclude Include="C:\nap\compiled_0.6.0\system_modules\napaudio\include\audio\utility\rampedvalue.h">
      <Filter>Modules\napaudio\audio\utility</Filter>
    </ClInclude>
    <ClInclude Include="C:\nap\compiled_0.6.0\system_modules\napaudio\include\audio\utility\safeptr.h">
      <Filter>Modules\napaudio\audio\utility</Filter>
    </ClInclude>
    <ClInclude Include="C:\nap\compiled_0.6.0\system_modules\napaudio\include\audio\utility\translator.h">
      <Filter>Modules\napaudio\audio\utility</Filter>
    </ClInclude>
    <ClInclude Include="..\..\module\src\rendercanvascomponent.h">
      <Filter>Headers</Filter>
    </ClInclude>
    <ClInclude Include="..\..\module\src\canvasshader.h">
      <Filter>Headers</Filter>
    </ClInclude>
  </ItemGroup>
  <ItemGroup>
    <CustomBuild Include="C:\nap\compiled_0.6.0\apps\foglio\module\CMakeLists.txt" />
  </ItemGroup>
  <ItemGroup>
    <Filter Include="Headers">
      <UniqueIdentifier>{9019CB09-7360-3152-B3C2-4BE0F88D8FF2}</UniqueIdentifier>
    </Filter>
    <Filter Include="Modules">
      <UniqueIdentifier>{8F4ADDF6-A021-36E3-BC79-14A6AE5EE367}</UniqueIdentifier>
    </Filter>
    <Filter Include="Modules\napaudio">
      <UniqueIdentifier>{416C6F53-E04C-355A-876D-61BF9609EBCC}</UniqueIdentifier>
    </Filter>
    <Filter Include="Modules\napaudio\audio">
      <UniqueIdentifier>{4BE89EC5-BD1E-3358-8CC1-7E9EA2C644BD}</UniqueIdentifier>
    </Filter>
    <Filter Include="Modules\napaudio\audio\component">
      <UniqueIdentifier>{D36BC534-17B3-3E12-A122-986A7A7AD220}</UniqueIdentifier>
    </Filter>
    <Filter Include="Modules\napaudio\audio\core">
      <UniqueIdentifier>{610FB0DA-E4EB-3F00-8C77-AE34497B7875}</UniqueIdentifier>
    </Filter>
    <Filter Include="Modules\napaudio\audio\node">
      <UniqueIdentifier>{9CD3468E-97C6-3830-9AE8-FFB73C2408F1}</UniqueIdentifier>
    </Filter>
    <Filter Include="Modules\napaudio\audio\resource">
      <UniqueIdentifier>{BBC24FCF-F578-3DCD-8646-A5EE9BA60803}</UniqueIdentifier>
    </Filter>
    <Filter Include="Modules\napaudio\audio\service">
      <UniqueIdentifier>{AAF929DE-0412-3E7D-A784-708B9E8DF067}</UniqueIdentifier>
    </Filter>
    <Filter Include="Modules\napaudio\audio\utility">
      <UniqueIdentifier>{4D80F6BB-DF26-36DB-9072-8011DBCE1F08}</UniqueIdentifier>
    </Filter>
    <Filter Include="Modules\napcolor">
      <UniqueIdentifier>{403188FB-D288-316B-86A6-BD798DB51CF6}</UniqueIdentifier>
    </Filter>
    <Filter Include="Modules\napfont">
      <UniqueIdentifier>{A2CD14DE-A464-36D8-BE23-FFE98FD28302}</UniqueIdentifier>
    </Filter>
    <Filter Include="Modules\napinput">
      <UniqueIdentifier>{ECA41885-0786-39A8-AEE5-D0FDDEEC3CED}</UniqueIdentifier>
    </Filter>
    <Filter Include="Modules\napmath">
      <UniqueIdentifier>{1B122569-FF16-3FE1-910B-FDF7666C43EB}</UniqueIdentifier>
    </Filter>
    <Filter Include="Modules\napparameter">
      <UniqueIdentifier>{2BCCD1CD-78FB-3716-B585-FFFD51285CDA}</UniqueIdentifier>
    </Filter>
    <Filter Include="Modules\naprender">
      <UniqueIdentifier>{5BC13A22-BBEA-3574-BA9F-2BC58A31056A}</UniqueIdentifier>
    </Filter>
    <Filter Include="Modules\napscene">
      <UniqueIdentifier>{AF4580D7-F8AC-34A7-9854-A4515E4D950F}</UniqueIdentifier>
    </Filter>
    <Filter Include="Modules\napvideo">
      <UniqueIdentifier>{A2A1AC5B-66E0-334C-A3E7-AFDB75CA695C}</UniqueIdentifier>
    </Filter>
    <Filter Include="Sources">
      <UniqueIdentifier>{D7798B62-4BD7-325F-81C7-C8430D4A72E8}</UniqueIdentifier>
    </Filter>
  </ItemGroup>
</Project>