
Microsoft Visual Studio Solution File, Format Version 12.00
# Visual Studio Version 16
Project("{2150E333-8FDC-42A3-9474-1A3956D46DE8}") = "AppModules", "AppModules", "{FDCE35A1-A10C-3C3A-9A8F-80681A1CF455}"
EndProject
Project("{2150E333-8FDC-42A3-9474-1A3956D46DE8}") = "CMakePredefinedTargets", "CMakePredefinedTargets", "{348A07C5-FFFE-3C26-8F53-AC36E5CAC6BC}"
EndProject
Project("{8BC9CEB8-8B4A-11D0-8D11-00A0C91BC942}") = "foglio", "foglio.vcxproj", "{54219426-C920-3854-A324-E800AE935972}"
	ProjectSection(ProjectDependencies) = postProject
		{B2B4708E-FE3D-37C3-91BA-6B501FAA90B7} = {B2B4708E-FE3D-37C3-91BA-6B501FAA90B7}
		{90C1B8E1-FE01-38BE-AD80-748FF3B32085} = {90C1B8E1-FE01-38BE-AD80-748FF3B32085}
	EndProjectSection
EndProject
Project("{8BC9CEB8-8B4A-11D0-8D11-00A0C91BC942}") = "ALL_BUILD", "ALL_BUILD.vcxproj", "{EFF9A5CF-9E2E-367B-869E-1554E1A62A1B}"
	ProjectSection(ProjectDependencies) = postProject
		{B2B4708E-FE3D-37C3-91BA-6B501FAA90B7} = {B2B4708E-FE3D-37C3-91BA-6B501FAA90B7}
		{54219426-C920-3854-A324-E800AE935972} = {54219426-C920-3854-A324-E800AE935972}
		{90C1B8E1-FE01-38BE-AD80-748FF3B32085} = {90C1B8E1-FE01-38BE-AD80-748FF3B32085}
	EndProjectSection
EndProject
Project("{8BC9CEB8-8B4A-11D0-8D11-00A0C91BC942}") = "INSTALL", "INSTALL.vcxproj", "{763E5B0A-7560-35F7-B51A-4CA3FD807905}"
	ProjectSection(ProjectDependencies) = postProject
		{EFF9A5CF-9E2E-367B-869E-1554E1A62A1B} = {EFF9A5CF-9E2E-367B-869E-1554E1A62A1B}
		{B2B4708E-FE3D-37C3-91BA-6B501FAA90B7} = {B2B4708E-FE3D-37C3-91BA-6B501FAA90B7}
	EndProjectSection
EndProject
Project("{8BC9CEB8-8B4A-11D0-8D11-00A0C91BC942}") = "ZERO_CHECK", "ZERO_CHECK.vcxproj", "{B2B4708E-FE3D-37C3-91BA-6B501FAA90B7}"
	ProjectSection(ProjectDependencies) = postProject
	EndProjectSection
EndProject
Project("{8BC9CEB8-8B4A-11D0-8D11-00A0C91BC942}") = "napfoglio", "app_module_build\napfoglio.vcxproj", "{90C1B8E1-FE01-38BE-AD80-748FF3B32085}"
	ProjectSection(ProjectDependencies) = postProject
		{B2B4708E-FE3D-37C3-91BA-6B501FAA90B7} = {B2B4708E-FE3D-37C3-91BA-6B501FAA90B7}
	EndProjectSection
EndProject
Global
	GlobalSection(SolutionConfigurationPlatforms) = preSolution
		Debug|x64 = Debug|x64
		Release|x64 = Release|x64
	EndGlobalSection
	GlobalSection(ProjectConfigurationPlatforms) = postSolution
		{54219426-C920-3854-A324-E800AE935972}.Debug|x64.ActiveCfg = Debug|x64
		{54219426-C920-3854-A324-E800AE935972}.Debug|x64.Build.0 = Debug|x64
		{54219426-C920-3854-A324-E800AE935972}.Release|x64.ActiveCfg = Release|x64
		{54219426-C920-3854-A324-E800AE935972}.Release|x64.Build.0 = Release|x64
		{EFF9A5CF-9E2E-367B-869E-1554E1A62A1B}.Debug|x64.ActiveCfg = Debug|x64
		{EFF9A5CF-9E2E-367B-869E-1554E1A62A1B}.Debug|x64.Build.0 = Debug|x64
		{EFF9A5CF-9E2E-367B-869E-1554E1A62A1B}.Release|x64.ActiveCfg = Release|x64
		{EFF9A5CF-9E2E-367B-869E-1554E1A62A1B}.Release|x64.Build.0 = Release|x64
		{763E5B0A-7560-35F7-B51A-4CA3FD807905}.Debug|x64.ActiveCfg = Debug|x64
		{763E5B0A-7560-35F7-B51A-4CA3FD807905}.Release|x64.ActiveCfg = Release|x64
		{B2B4708E-FE3D-37C3-91BA-6B501FAA90B7}.Debug|x64.ActiveCfg = Debug|x64
		{B2B4708E-FE3D-37C3-91BA-6B501FAA90B7}.Debug|x64.Build.0 = Debug|x64
		{B2B4708E-FE3D-37C3-91BA-6B501FAA90B7}.Release|x64.ActiveCfg = Release|x64
		{B2B4708E-FE3D-37C3-91BA-6B501FAA90B7}.Release|x64.Build.0 = Release|x64
		{90C1B8E1-FE01-38BE-AD80-748FF3B32085}.Debug|x64.ActiveCfg = Debug|x64
		{90C1B8E1-FE01-38BE-AD80-748FF3B32085}.Debug|x64.Build.0 = Debug|x64
		{90C1B8E1-FE01-38BE-AD80-748FF3B32085}.Release|x64.ActiveCfg = Release|x64
		{90C1B8E1-FE01-38BE-AD80-748FF3B32085}.Release|x64.Build.0 = Release|x64
	EndGlobalSection
	GlobalSection(NestedProjects) = preSolution
		{90C1B8E1-FE01-38BE-AD80-748FF3B32085} = {FDCE35A1-A10C-3C3A-9A8F-80681A1CF455}
		{EFF9A5CF-9E2E-367B-869E-1554E1A62A1B} = {348A07C5-FFFE-3C26-8F53-AC36E5CAC6BC}
		{763E5B0A-7560-35F7-B51A-4CA3FD807905} = {348A07C5-FFFE-3C26-8F53-AC36E5CAC6BC}
		{B2B4708E-FE3D-37C3-91BA-6B501FAA90B7} = {348A07C5-FFFE-3C26-8F53-AC36E5CAC6BC}
	EndGlobalSection
	GlobalSection(ExtensibilityGlobals) = postSolution
		SolutionGuid = {86123AA5-BA4F-3A99-83CC-133777448E71}
	EndGlobalSection
	GlobalSection(ExtensibilityAddIns) = postSolution
	EndGlobalSection
EndGlobal
