<?xml version="1.0" encoding="utf-8"?>
<Project ToolsVersion="16.0" xmlns="http://schemas.microsoft.com/developer/msbuild/2003">
  <ItemGroup>
    <ClCompile Include="C:\nap\compiled_0.6.0\apps\foglio\src\foglioapp.cpp">
      <Filter>Sources</Filter>
    </ClCompile>
    <ClCompile Include="C:\nap\compiled_0.6.0\apps\foglio\src\main.cpp">
      <Filter>Sources</Filter>
    </ClCompile>
  </ItemGroup>
  <ItemGroup>
    <ClInclude Include="C:\nap\compiled_0.6.0\apps\foglio\src\foglioapp.h">
      <Filter>Headers</Filter>
    </ClInclude>
    <ClInclude Include="C:\nap\compiled_0.6.0\system_modules\naprender\include\bitmap.h">
      <Filter>Header Files</Filter>
    </ClInclude>
    <ClInclude Include="C:\nap\compiled_0.6.0\system_modules\naprender\include\bitmapfilebuffer.h">
      <Filter>Header Files</Filter>
    </ClInclude>
    <ClInclude Include="C:\nap\compiled_0.6.0\system_modules\naprender\include\blurshader.h">
      <Filter>Header Files</Filter>
    </ClInclude>
    <ClInclude Include="C:\nap\compiled_0.6.0\system_modules\naprender\include\boxmesh.h">
      <Filter>Header Files</Filter>
    </ClInclude>
    <ClInclude Include="C:\nap\compiled_0.6.0\system_modules\naprender\include\bufferbinding.h">
      <Filter>Header Files</Filter>
    </ClInclude>
    <ClInclude Include="C:\nap\compiled_0.6.0\system_modules\naprender\include\bufferbindinginstance.h">
      <Filter>Header Files</Filter>
    </ClInclude>
    <ClInclude Include="C:\nap\compiled_0.6.0\system_modules\naprender\include\cameracomponent.h">
      <Filter>Header Files</Filter>
    </ClInclude>
    <ClInclude Include="C:\nap\compiled_0.6.0\system_modules\naprender\include\coloradjustmentshader.h">
      <Filter>Header Files</Filter>
    </ClInclude>
    <ClInclude Include="C:\nap\compiled_0.6.0\system_modules\naprender\include\computecomponent.h">
      <Filter>Header Files</Filter>
    </ClInclude>
    <ClInclude Include="C:\nap\compiled_0.6.0\system_modules\naprender\include\constantshader.h">
      <Filter>Header Files</Filter>
    </ClInclude>
    <ClInclude Include="C:\nap\compiled_0.6.0\system_modules\naprender\include\copyimagedata.h">
      <Filter>Header Files</Filter>
    </ClInclude>
    <ClInclude Include="C:\nap\compiled_0.6.0\system_modules\naprender\include\descriptorsetallocator.h">
      <Filter>Header Files</Filter>
    </ClInclude>
    <ClInclude Include="C:\nap\compiled_0.6.0\system_modules\naprender\include\descriptorsetcache.h">
      <Filter>Header Files</Filter>
    </ClInclude>
    <ClInclude Include="C:\nap\compiled_0.6.0\system_modules\naprender\include\fbxconverter.h">
      <Filter>Header Files</Filter>
    </ClInclude>
    <ClInclude Include="C:\nap\compiled_0.6.0\system_modules\naprender\include\fillpolicy.h">
      <Filter>Header Files</Filter>
    </ClInclude>
    <ClInclude Include="C:\nap\compiled_0.6.0\system_modules\naprender\include\fontshader.h">
      <Filter>Header Files</Filter>
    </ClInclude>
    <ClInclude Include="C:\nap\compiled_0.6.0\system_modules\naprender\include\formatutils.h">
      <Filter>Header Files</Filter>
    </ClInclude>
    <ClInclude Include="C:\nap\compiled_0.6.0\system_modules\naprender\include\geometryfromfile.h">
      <Filter>Header Files</Filter>
    </ClInclude>
    <ClInclude Include="C:\nap\compiled_0.6.0\system_modules\naprender\include\gnomonmesh.h">
      <Filter>Header Files</Filter>
    </ClInclude>
    <ClInclude Include="C:\nap\compiled_0.6.0\system_modules\naprender\include\gnomonshader.h">
      <Filter>Header Files</Filter>
    </ClInclude>
    <ClInclude Include="C:\nap\compiled_0.6.0\system_modules\naprender\include\gpubuffer.h">
      <Filter>Header Files</Filter>
    </ClInclude>
    <ClInclude Include="C:\nap\compiled_0.6.0\system_modules\naprender\include\gpumesh.h">
      <Filter>Header Files</Filter>
    </ClInclude>
    <ClInclude Include="C:\nap\compiled_0.6.0\system_modules\naprender\include\image.h">
      <Filter>Header Files</Filter>
    </ClInclude>
    <ClInclude Include="C:\nap\compiled_0.6.0\system_modules\naprender\include\imagefromfile.h">
      <Filter>Header Files</Filter>
    </ClInclude>
    <ClInclude Include="C:\nap\compiled_0.6.0\system_modules\naprender\include\irendertarget.h">
      <Filter>Header Files</Filter>
    </ClInclude>
    <ClInclude Include="C:\nap\compiled_0.6.0\system_modules\naprender\include\material.h">
      <Filter>Header Files</Filter>
    </ClInclude>
    <ClInclude Include="C:\nap\compiled_0.6.0\system_modules\naprender\include\materialcommon.h">
      <Filter>Header Files</Filter>
    </ClInclude>
    <ClInclude Include="C:\nap\compiled_0.6.0\system_modules\naprender\include\materialinstance.h">
      <Filter>Header Files</Filter>
    </ClInclude>
    <ClInclude Include="C:\nap\compiled_0.6.0\system_modules\naprender\include\mesh.h">
      <Filter>Header Files</Filter>
    </ClInclude>
    <ClInclude Include="C:\nap\compiled_0.6.0\system_modules\naprender\include\meshfromfile.h">
      <Filter>Header Files</Filter>
    </ClInclude>
    <ClInclude Include="C:\nap\compiled_0.6.0\system_modules\naprender\include\meshutils.h">
      <Filter>Header Files</Filter>
    </ClInclude>
    <ClInclude Include="C:\nap\compiled_0.6.0\system_modules\naprender\include\orthocameracomponent.h">
      <Filter>Header Files</Filter>
    </ClInclude>
    <ClInclude Include="C:\nap\compiled_0.6.0\system_modules\naprender\include\perspcameracomponent.h">
      <Filter>Header Files</Filter>
    </ClInclude>
    <ClInclude Include="C:\nap\compiled_0.6.0\system_modules\naprender\include\pipelinekey.h">
      <Filter>Header Files</Filter>
    </ClInclude>
    <ClInclude Include="C:\nap\compiled_0.6.0\system_modules\naprender\include\planemesh.h">
      <Filter>Header Files</Filter>
    </ClInclude>
    <ClInclude Include="C:\nap\compiled_0.6.0\system_modules\naprender\include\polyline.h">
      <Filter>Header Files</Filter>
    </ClInclude>
    <ClInclude Include="C:\nap\compiled_0.6.0\system_modules\naprender\include\randomfillpolicy.h">
      <Filter>Header Files</Filter>
    </ClInclude>
    <ClInclude Include="C:\nap\compiled_0.6.0\system_modules\naprender\include\renderable2dtextcomponent.h">
      <Filter>Header Files</Filter>
    </ClInclude>
    <ClInclude Include="C:\nap\compiled_0.6.0\system_modules\naprender\include\renderable3dtextcomponent.h">
      <Filter>Header Files</Filter>
    </ClInclude>
    <ClInclude Include="C:\nap\compiled_0.6.0\system_modules\naprender\include\renderableglyph.h">
      <Filter>Header Files</Filter>
    </ClInclude>
    <ClInclude Include="C:\nap\compiled_0.6.0\system_modules\naprender\include\renderablemesh.h">
      <Filter>Header Files</Filter>
    </ClInclude>
    <ClInclude Include="C:\nap\compiled_0.6.0\system_modules\naprender\include\renderablemeshcomponent.h">
      <Filter>Header Files</Filter>
    </ClInclude>
    <ClInclude Include="C:\nap\compiled_0.6.0\system_modules\naprender\include\renderabletextcomponent.h">
      <Filter>Header Files</Filter>
    </ClInclude>
    <ClInclude Include="C:\nap\compiled_0.6.0\system_modules\naprender\include\renderbloomcomponent.h">
      <Filter>Header Files</Filter>
    </ClInclude>
    <ClInclude Include="C:\nap\compiled_0.6.0\system_modules\naprender\include\rendercomponent.h">
      <Filter>Header Files</Filter>
    </ClInclude>
    <ClInclude Include="C:\nap\compiled_0.6.0\system_modules\naprender\include\renderglobals.h">
      <Filter>Header Files</Filter>
    </ClInclude>
    <ClInclude Include="C:\nap\compiled_0.6.0\system_modules\naprender\include\rendergnomoncomponent.h">
      <Filter>Header Files</Filter>
    </ClInclude>
    <ClInclude Include="C:\nap\compiled_0.6.0\system_modules\naprender\include\renderservice.h">
      <Filter>Header Files</Filter>
    </ClInclude>
    <ClInclude Include="C:\nap\compiled_0.6.0\system_modules\naprender\include\rendertarget.h">
      <Filter>Header Files</Filter>
    </ClInclude>
    <ClInclude Include="C:\nap\compiled_0.6.0\system_modules\naprender\include\rendertexture2d.h">
      <Filter>Header Files</Filter>
    </ClInclude>
    <ClInclude Include="C:\nap\compiled_0.6.0\system_modules\naprender\include\rendertotexturecomponent.h">
      <Filter>Header Files</Filter>
    </ClInclude>
    <ClInclude Include="C:\nap\compiled_0.6.0\system_modules\naprender\include\renderutils.h">
      <Filter>Header Files</Filter>
    </ClInclude>
    <ClInclude Include="C:\nap\compiled_0.6.0\system_modules\naprender\include\renderwindow.h">
      <Filter>Header Files</Filter>
    </ClInclude>
    <ClInclude Include="C:\nap\compiled_0.6.0\system_modules\naprender\include\sampler.h">
      <Filter>Header Files</Filter>
    </ClInclude>
    <ClInclude Include="C:\nap\compiled_0.6.0\system_modules\naprender\include\samplerdeclaration.h">
      <Filter>Header Files</Filter>
    </ClInclude>
    <ClInclude Include="C:\nap\compiled_0.6.0\system_modules\naprender\include\samplerinstance.h">
      <Filter>Header Files</Filter>
    </ClInclude>
    <ClInclude Include="C:\nap\compiled_0.6.0\system_modules\naprender\include\scatterpointsmesh.h">
      <Filter>Header Files</Filter>
    </ClInclude>
    <ClInclude Include="C:\nap\compiled_0.6.0\system_modules\naprender\include\sdlhelpers.h">
      <Filter>Header Files</Filter>
    </ClInclude>
    <ClInclude Include="C:\nap\compiled_0.6.0\system_modules\naprender\include\shader.h">
      <Filter>Header Files</Filter>
    </ClInclude>
    <ClInclude Include="C:\nap\compiled_0.6.0\system_modules\naprender\include\shadervariabledeclarations.h">
      <Filter>Header Files</Filter>
    </ClInclude>
    <ClInclude Include="C:\nap\compiled_0.6.0\system_modules\naprender\include\snapshot.h">
      <Filter>Header Files</Filter>
    </ClInclude>
    <ClInclude Include="C:\nap\compiled_0.6.0\system_modules\naprender\include\snapshotrendertarget.h">
      <Filter>Header Files</Filter>
    </ClInclude>
    <ClInclude Include="C:\nap\compiled_0.6.0\system_modules\naprender\include\spheremesh.h">
      <Filter>Header Files</Filter>
    </ClInclude>
    <ClInclude Include="C:\nap\compiled_0.6.0\system_modules\naprender\include\structbuffer.h">
      <Filter>Header Files</Filter>
    </ClInclude>
    <ClInclude Include="C:\nap\compiled_0.6.0\system_modules\naprender\include\structbufferdescriptor.h">
      <Filter>Header Files</Filter>
    </ClInclude>
    <ClInclude Include="C:\nap\compiled_0.6.0\system_modules\naprender\include\structfillpolicy.h">
      <Filter>Header Files</Filter>
    </ClInclude>
    <ClInclude Include="C:\nap\compiled_0.6.0\system_modules\naprender\include\surfacedescriptor.h">
      <Filter>Header Files</Filter>
    </ClInclude>
    <ClInclude Include="C:\nap\compiled_0.6.0\system_modules\naprender\include\texture2d.h">
      <Filter>Header Files</Filter>
    </ClInclude>
    <ClInclude Include="C:\nap\compiled_0.6.0\system_modules\naprender\include\textureshader.h">
      <Filter>Header Files</Filter>
    </ClInclude>
    <ClInclude Include="C:\nap\compiled_0.6.0\system_modules\naprender\include\torusmesh.h">
      <Filter>Header Files</Filter>
    </ClInclude>
    <ClInclude Include="C:\nap\compiled_0.6.0\system_modules\naprender\include\triangleiterator.h">
      <Filter>Header Files</Filter>
    </ClInclude>
    <ClInclude Include="C:\nap\compiled_0.6.0\system_modules\naprender\include\trianglemesh.h">
      <Filter>Header Files</Filter>
    </ClInclude>
    <ClInclude Include="C:\nap\compiled_0.6.0\system_modules\naprender\include\uniform.h">
      <Filter>Header Files</Filter>
    </ClInclude>
    <ClInclude Include="C:\nap\compiled_0.6.0\system_modules\naprender\include\uniformcontainer.h">
      <Filter>Header Files</Filter>
    </ClInclude>
    <ClInclude Include="C:\nap\compiled_0.6.0\system_modules\naprender\include\uniforminstance.h">
      <Filter>Header Files</Filter>
    </ClInclude>
    <ClInclude Include="C:\nap\compiled_0.6.0\system_modules\naprender\include\uniformutils.h">
      <Filter>Header Files</Filter>
    </ClInclude>
    <ClInclude Include="C:\nap\compiled_0.6.0\system_modules\naprender\include\vertexattribute.h">
      <Filter>Header Files</Filter>
    </ClInclude>
    <ClInclude Include="C:\nap\compiled_0.6.0\system_modules\naprender\include\vertexattributedeclaration.h">
      <Filter>Header Files</Filter>
    </ClInclude>
    <ClInclude Include="C:\nap\compiled_0.6.0\system_modules\naprender\include\visualizenormalsmesh.h">
      <Filter>Header Files</Filter>
    </ClInclude>
    <ClInclude Include="C:\nap\compiled_0.6.0\system_modules\naprender\include\vk_mem_alloc.h">
      <Filter>Header Files</Filter>
    </ClInclude>
    <ClInclude Include="C:\nap\compiled_0.6.0\system_modules\napscene\include\component.h">
      <Filter>Header Files</Filter>
    </ClInclude>
    <ClInclude Include="C:\nap\compiled_0.6.0\system_modules\napscene\include\componentptr.h">
      <Filter>Header Files</Filter>
    </ClInclude>
    <ClInclude Include="C:\nap\compiled_0.6.0\system_modules\napscene\include\componentresourcepath.h">
      <Filter>Header Files</Filter>
    </ClInclude>
    <ClInclude Include="C:\nap\compiled_0.6.0\system_modules\napscene\include\depthsorter.h">
      <Filter>Header Files</Filter>
    </ClInclude>
    <ClInclude Include="C:\nap\compiled_0.6.0\system_modules\napscene\include\entity.h">
      <Filter>Header Files</Filter>
    </ClInclude>
    <ClInclude Include="C:\nap\compiled_0.6.0\system_modules\napscene\include\entitycreationparameters.h">
      <Filter>Header Files</Filter>
    </ClInclude>
    <ClInclude Include="C:\nap\compiled_0.6.0\system_modules\napscene\include\entityobjectgraphitem.h">
      <Filter>Header Files</Filter>
    </ClInclude>
    <ClInclude Include="C:\nap\compiled_0.6.0\system_modules\napscene\include\entityptr.h">
      <Filter>Header Files</Filter>
    </ClInclude>
    <ClInclude Include="C:\nap\compiled_0.6.0\system_modules\napscene\include\instanceproperty.h">
      <Filter>Header Files</Filter>
    </ClInclude>
    <ClInclude Include="C:\nap\compiled_0.6.0\system_modules\napscene\include\rotatecomponent.h">
      <Filter>Header Files</Filter>
    </ClInclude>
    <ClInclude Include="C:\nap\compiled_0.6.0\system_modules\napscene\include\scene.h">
      <Filter>Header Files</Filter>
    </ClInclude>
    <ClInclude Include="C:\nap\compiled_0.6.0\system_modules\napscene\include\sceneservice.h">
      <Filter>Header Files</Filter>
    </ClInclude>
    <ClInclude Include="C:\nap\compiled_0.6.0\system_modules\napscene\include\transformcomponent.h">
      <Filter>Header Files</Filter>
    </ClInclude>
    <ClInclude Include="C:\nap\compiled_0.6.0\system_modules\napparameter\include\parameter.h">
      <Filter>Header Files</Filter>
    </ClInclude>
    <ClInclude Include="C:\nap\compiled_0.6.0\system_modules\napparameter\include\parameterblendcomponent.h">
      <Filter>Header Files</Filter>
    </ClInclude>
    <ClInclude Include="C:\nap\compiled_0.6.0\system_modules\napparameter\include\parameterblender.h">
      <Filter>Header Files</Filter>
    </ClInclude>
    <ClInclude Include="C:\nap\compiled_0.6.0\system_modules\napparameter\include\parameterblendgroup.h">
      <Filter>Header Files</Filter>
    </ClInclude>
    <ClInclude Include="C:\nap\compiled_0.6.0\system_modules\napparameter\include\parameterbutton.h">
      <Filter>Header Files</Filter>
    </ClInclude>
    <ClInclude Include="C:\nap\compiled_0.6.0\system_modules\napparameter\include\parametercolor.h">
      <Filter>Header Files</Filter>
    </ClInclude>
    <ClInclude Include="C:\nap\compiled_0.6.0\system_modules\napparameter\include\parameterenum.h">
      <Filter>Header Files</Filter>
    </ClInclude>
    <ClInclude Include="C:\nap\compiled_0.6.0\system_modules\napparameter\include\parametergroup.h">
      <Filter>Header Files</Filter>
    </ClInclude>
    <ClInclude Include="C:\nap\compiled_0.6.0\system_modules\napparameter\include\parameternumeric.h">
      <Filter>Header Files</Filter>
    </ClInclude>
    <ClInclude Include="C:\nap\compiled_0.6.0\system_modules\napparameter\include\parameterquat.h">
      <Filter>Header Files</Filter>
    </ClInclude>
    <ClInclude Include="C:\nap\compiled_0.6.0\system_modules\napparameter\include\parameterservice.h">
      <Filter>Header Files</Filter>
    </ClInclude>
    <ClInclude Include="C:\nap\compiled_0.6.0\system_modules\napparameter\include\parametersimple.h">
      <Filter>Header Files</Filter>
    </ClInclude>
    <ClInclude Include="C:\nap\compiled_0.6.0\system_modules\napparameter\include\parametervec.h">
      <Filter>Header Files</Filter>
    </ClInclude>
    <ClInclude Include="C:\nap\compiled_0.6.0\system_modules\napvideo\include\rendervideocomponent.h">
      <Filter>Header Files</Filter>
    </ClInclude>
    <ClInclude Include="C:\nap\compiled_0.6.0\system_modules\napvideo\include\video.h">
      <Filter>Header Files</Filter>
    </ClInclude>
    <ClInclude Include="C:\nap\compiled_0.6.0\system_modules\napvideo\include\videoaudio.h">
      <Filter>Header Files</Filter>
    </ClInclude>
    <ClInclude Include="C:\nap\compiled_0.6.0\system_modules\napvideo\include\videoaudiocomponent.h">
      <Filter>Header Files</Filter>
    </ClInclude>
    <ClInclude Include="C:\nap\compiled_0.6.0\system_modules\napvideo\include\videofile.h">
      <Filter>Header Files</Filter>
    </ClInclude>
    <ClInclude Include="C:\nap\compiled_0.6.0\system_modules\napvideo\include\videoplayer.h">
      <Filter>Header Files</Filter>
    </ClInclude>
    <ClInclude Include="C:\nap\compiled_0.6.0\system_modules\napvideo\include\videoservice.h">
      <Filter>Header Files</Filter>
    </ClInclude>
    <ClInclude Include="C:\nap\compiled_0.6.0\system_modules\napvideo\include\videoshader.h">
      <Filter>Header Files</Filter>
    </ClInclude>
    <ClInclude Include="C:\nap\compiled_0.6.0\system_modules\napfont\include\font.h">
      <Filter>Header Files</Filter>
    </ClInclude>
    <ClInclude Include="C:\nap\compiled_0.6.0\system_modules\napfont\include\fontservice.h">
      <Filter>Header Files</Filter>
    </ClInclude>
    <ClInclude Include="C:\nap\compiled_0.6.0\system_modules\napfont\include\fontutils.h">
      <Filter>Header Files</Filter>
    </ClInclude>
    <ClInclude Include="C:\nap\compiled_0.6.0\system_modules\napfont\include\glyph.h">
      <Filter>Header Files</Filter>
    </ClInclude>
    <ClInclude Include="C:\nap\compiled_0.6.0\system_modules\napinput\include\controller.h">
      <Filter>Header Files</Filter>
    </ClInclude>
    <ClInclude Include="C:\nap\compiled_0.6.0\system_modules\napinput\include\inputcomponent.h">
      <Filter>Header Files</Filter>
    </ClInclude>
    <ClInclude Include="C:\nap\compiled_0.6.0\system_modules\napinput\include\inputevent.h">
      <Filter>Header Files</Filter>
    </ClInclude>
    <ClInclude Include="C:\nap\compiled_0.6.0\system_modules\napinput\include\inputrouter.h">
      <Filter>Header Files</Filter>
    </ClInclude>
    <ClInclude Include="C:\nap\compiled_0.6.0\system_modules\napinput\include\inputservice.h">
      <Filter>Header Files</Filter>
    </ClInclude>
    <ClInclude Include="C:\nap\compiled_0.6.0\system_modules\napinput\include\keyboard.h">
      <Filter>Header Files</Filter>
    </ClInclude>
    <ClInclude Include="C:\nap\compiled_0.6.0\system_modules\napinput\include\mouse.h">
      <Filter>Header Files</Filter>
    </ClInclude>
    <ClInclude Include="C:\nap\compiled_0.6.0\system_modules\napinput\include\window.h">
      <Filter>Header Files</Filter>
    </ClInclude>
    <ClInclude Include="C:\nap\compiled_0.6.0\system_modules\napinput\include\windowevent.h">
      <Filter>Header Files</Filter>
    </ClInclude>
    <ClInclude Include="C:\nap\compiled_0.6.0\system_modules\napcolor\include\color.h">
      <Filter>Header Files</Filter>
    </ClInclude>
    <ClInclude Include="C:\nap\compiled_0.6.0\system_modules\napmath\include\box.h">
      <Filter>Header Files</Filter>
    </ClInclude>
    <ClInclude Include="C:\nap\compiled_0.6.0\system_modules\napmath\include\easing.h">
      <Filter>Header Files</Filter>
    </ClInclude>
    <ClInclude Include="C:\nap\compiled_0.6.0\system_modules\napmath\include\fcurve.h">
      <Filter>Header Files</Filter>
    </ClInclude>
    <ClInclude Include="C:\nap\compiled_0.6.0\system_modules\napmath\include\lineutils.h">
      <Filter>Header Files</Filter>
    </ClInclude>
    <ClInclude Include="C:\nap\compiled_0.6.0\system_modules\napmath\include\mathutils.h">
      <Filter>Header Files</Filter>
    </ClInclude>
    <ClInclude Include="C:\nap\compiled_0.6.0\system_modules\napmath\include\psblendmodes.h">
      <Filter>Header Files</Filter>
    </ClInclude>
    <ClInclude Include="C:\nap\compiled_0.6.0\system_modules\napmath\include\rect.h">
      <Filter>Header Files</Filter>
    </ClInclude>
    <ClInclude Include="C:\nap\compiled_0.6.0\system_modules\napmath\include\smoothdamp.h">
      <Filter>Header Files</Filter>
    </ClInclude>
    <ClInclude Include="C:\nap\compiled_0.6.0\system_modules\napmath\include\waveform.h">
      <Filter>Header Files</Filter>
    </ClInclude>
    <ClInclude Include="C:\nap\compiled_0.6.0\system_modules\napaudio\include\audio\component\audiocomponentbase.h">
      <Filter>Header Files</Filter>
    </ClInclude>
    <ClInclude Include="C:\nap\compiled_0.6.0\system_modules\napaudio\include\audio\component\inputcomponent.h">
      <Filter>Header Files</Filter>
    </ClInclude>
    <ClInclude Include="C:\nap\compiled_0.6.0\system_modules\napaudio\include\audio\component\levelmetercomponent.h">
      <Filter>Header Files</Filter>
    </ClInclude>
    <ClInclude Include="C:\nap\compiled_0.6.0\system_modules\napaudio\include\audio\component\outputcomponent.h">
      <Filter>Header Files</Filter>
    </ClInclude>
    <ClInclude Include="C:\nap\compiled_0.6.0\system_modules\napaudio\include\audio\component\playbackcomponent.h">
      <Filter>Header Files</Filter>
    </ClInclude>
    <ClInclude Include="C:\nap\compiled_0.6.0\system_modules\napaudio\include\audio\core\audionode.h">
      <Filter>Header Files</Filter>
    </ClInclude>
    <ClInclude Include="C:\nap\compiled_0.6.0\system_modules\napaudio\include\audio\core\audionodemanager.h">
      <Filter>Header Files</Filter>
    </ClInclude>
    <ClInclude Include="C:\nap\compiled_0.6.0\system_modules\napaudio\include\audio\core\audiopin.h">
      <Filter>Header Files</Filter>
    </ClInclude>
    <ClInclude Include="C:\nap\compiled_0.6.0\system_modules\napaudio\include\audio\core\multichannel.h">
      <Filter>Header Files</Filter>
    </ClInclude>
    <ClInclude Include="C:\nap\compiled_0.6.0\system_modules\napaudio\include\audio\core\process.h">
      <Filter>Header Files</Filter>
    </ClInclude>
    <ClInclude Include="C:\nap\compiled_0.6.0\system_modules\napaudio\include\audio\node\bufferplayernode.h">
      <Filter>Header Files</Filter>
    </ClInclude>
    <ClInclude Include="C:\nap\compiled_0.6.0\system_modules\napaudio\include\audio\node\controlnode.h">
      <Filter>Header Files</Filter>
    </ClInclude>
    <ClInclude Include="C:\nap\compiled_0.6.0\system_modules\napaudio\include\audio\node\filternode.h">
      <Filter>Header Files</Filter>
    </ClInclude>
    <ClInclude Include="C:\nap\compiled_0.6.0\system_modules\napaudio\include\audio\node\gainnode.h">
      <Filter>Header Files</Filter>
    </ClInclude>
    <ClInclude Include="C:\nap\compiled_0.6.0\system_modules\napaudio\include\audio\node\inputnode.h">
      <Filter>Header Files</Filter>
    </ClInclude>
    <ClInclude Include="C:\nap\compiled_0.6.0\system_modules\napaudio\include\audio\node\levelmeternode.h">
      <Filter>Header Files</Filter>
    </ClInclude>
    <ClInclude Include="C:\nap\compiled_0.6.0\system_modules\napaudio\include\audio\node\mixnode.h">
      <Filter>Header Files</Filter>
    </ClInclude>
    <ClInclude Include="C:\nap\compiled_0.6.0\system_modules\napaudio\include\audio\node\multiplynode.h">
      <Filter>Header Files</Filter>
    </ClInclude>
    <ClInclude Include="C:\nap\compiled_0.6.0\system_modules\napaudio\include\audio\node\outputnode.h">
      <Filter>Header Files</Filter>
    </ClInclude>
    <ClInclude Include="C:\nap\compiled_0.6.0\system_modules\napaudio\include\audio\node\pullnode.h">
      <Filter>Header Files</Filter>
    </ClInclude>
    <ClInclude Include="C:\nap\compiled_0.6.0\system_modules\napaudio\include\audio\node\stereopannernode.h">
      <Filter>Header Files</Filter>
    </ClInclude>
    <ClInclude Include="C:\nap\compiled_0.6.0\system_modules\napaudio\include\audio\resource\audiobufferresource.h">
      <Filter>Header Files</Filter>
    </ClInclude>
    <ClInclude Include="C:\nap\compiled_0.6.0\system_modules\napaudio\include\audio\resource\audiofileresource.h">
      <Filter>Header Files</Filter>
    </ClInclude>
    <ClInclude Include="C:\nap\compiled_0.6.0\system_modules\napaudio\include\audio\service\audioservice.h">
      <Filter>Header Files</Filter>
    </ClInclude>
    <ClInclude Include="C:\nap\compiled_0.6.0\system_modules\napaudio\include\audio\utility\asyncobserver.h">
      <Filter>Header Files</Filter>
    </ClInclude>
    <ClInclude Include="C:\nap\compiled_0.6.0\system_modules\napaudio\include\audio\utility\audiofileutils.h">
      <Filter>Header Files</Filter>
    </ClInclude>
    <ClInclude Include="C:\nap\compiled_0.6.0\system_modules\napaudio\include\audio\utility\audiofunctions.h">
      <Filter>Header Files</Filter>
    </ClInclude>
    <ClInclude Include="C:\nap\compiled_0.6.0\system_modules\napaudio\include\audio\utility\audiotypes.h">
      <Filter>Header Files</Filter>
    </ClInclude>
    <ClInclude Include="C:\nap\compiled_0.6.0\system_modules\napaudio\include\audio\utility\delay.h">
      <Filter>Header Files</Filter>
    </ClInclude>
    <ClInclude Include="C:\nap\compiled_0.6.0\system_modules\napaudio\include\audio\utility\dirtyflag.h">
      <Filter>Header Files</Filter>
    </ClInclude>
    <ClInclude Include="C:\nap\compiled_0.6.0\system_modules\napaudio\include\audio\utility\linearsmoothedvalue.h">
      <Filter>Header Files</Filter>
    </ClInclude>
    <ClInclude Include="C:\nap\compiled_0.6.0\system_modules\napaudio\include\audio\utility\rampedvalue.h">
      <Filter>Header Files</Filter>
    </ClInclude>
    <ClInclude Include="C:\nap\compiled_0.6.0\system_modules\napaudio\include\audio\utility\safeptr.h">
      <Filter>Header Files</Filter>
    </ClInclude>
    <ClInclude Include="C:\nap\compiled_0.6.0\system_modules\napaudio\include\audio\utility\translator.h">
      <Filter>Header Files</Filter>
    </ClInclude>
    <ClInclude Include="C:\nap\compiled_0.6.0\system_modules\napapp\include\app.h">
      <Filter>Modules\napapp</Filter>
    </ClInclude>
    <ClInclude Include="C:\nap\compiled_0.6.0\system_modules\napapp\include\appeventhandler.h">
      <Filter>Modules\napapp</Filter>
    </ClInclude>
    <ClInclude Include="C:\nap\compiled_0.6.0\system_modules\napapp\include\apprunner.h">
      <Filter>Modules\napapp</Filter>
    </ClInclude>
    <ClInclude Include="C:\nap\compiled_0.6.0\system_modules\napapp\include\servicerunner.h">
      <Filter>Modules\napapp</Filter>
    </ClInclude>
    <ClInclude Include="C:\nap\compiled_0.6.0\system_modules\napcameracontrol\include\cameracontroller.h">
      <Filter>Modules\napcameracontrol</Filter>
    </ClInclude>
    <ClInclude Include="C:\nap\compiled_0.6.0\system_modules\napcameracontrol\include\firstpersoncontroller.h">
      <Filter>Modules\napcameracontrol</Filter>
    </ClInclude>
    <ClInclude Include="C:\nap\compiled_0.6.0\system_modules\napcameracontrol\include\orbitcontroller.h">
      <Filter>Modules\napcameracontrol</Filter>
    </ClInclude>
    <ClInclude Include="C:\nap\compiled_0.6.0\system_modules\napcameracontrol\include\orthocontroller.h">
      <Filter>Modules\napcameracontrol</Filter>
    </ClInclude>
    <ClInclude Include="C:\nap\compiled_0.6.0\system_modules\napparametergui\include\parametergui.h">
      <Filter>Modules\napparametergui</Filter>
    </ClInclude>
    <ClInclude Include="C:\nap\compiled_0.6.0\system_modules\napparametergui\include\parameterguiservice.h">
      <Filter>Modules\napparametergui</Filter>
    </ClInclude>
    <ClInclude Include="C:\nap\compiled_0.6.0\system_modules\napimgui\include\guiappeventhandler.h">
      <Filter>Modules\napimgui</Filter>
    </ClInclude>
    <ClInclude Include="C:\nap\compiled_0.6.0\system_modules\napimgui\include\imgui\guiapp.h">
      <Filter>Modules\napimgui\imgui</Filter>
    </ClInclude>
    <ClInclude Include="C:\nap\compiled_0.6.0\system_modules\napimgui\include\imgui\imconfig.h">
      <Filter>Modules\napimgui\imgui</Filter>
    </ClInclude>
    <ClInclude Include="C:\nap\compiled_0.6.0\system_modules\napimgui\include\imgui\imgui.h">
      <Filter>Modules\napimgui\imgui</Filter>
    </ClInclude>
    <ClInclude Include="C:\nap\compiled_0.6.0\system_modules\napimgui\include\imgui\imgui_impl_vulkan.h">
      <Filter>Modules\napimgui\imgui</Filter>
    </ClInclude>
    <ClInclude Include="C:\nap\compiled_0.6.0\system_modules\napimgui\include\imgui\imgui_internal.h">
      <Filter>Modules\napimgui\imgui</Filter>
    </ClInclude>
    <ClInclude Include="C:\nap\compiled_0.6.0\system_modules\napimgui\include\imgui\imstb_rectpack.h">
      <Filter>Modules\napimgui\imgui</Filter>
    </ClInclude>
    <ClInclude Include="C:\nap\compiled_0.6.0\system_modules\napimgui\include\imgui\imstb_textedit.h">
      <Filter>Modules\napimgui\imgui</Filter>
    </ClInclude>
    <ClInclude Include="C:\nap\compiled_0.6.0\system_modules\napimgui\include\imgui\imstb_truetype.h">
      <Filter>Modules\napimgui\imgui</Filter>
    </ClInclude>
    <ClInclude Include="C:\nap\compiled_0.6.0\system_modules\napimgui\include\imguifont.h">
      <Filter>Modules\napimgui</Filter>
    </ClInclude>
    <ClInclude Include="C:\nap\compiled_0.6.0\system_modules\napimgui\include\imguiicon.h">
      <Filter>Modules\napimgui</Filter>
    </ClInclude>
    <ClInclude Include="C:\nap\compiled_0.6.0\system_modules\napimgui\include\imguiservice.h">
      <Filter>Modules\napimgui</Filter>
    </ClInclude>
    <ClInclude Include="C:\nap\compiled_0.6.0\system_modules\napimgui\include\imguiutils.h">
      <Filter>Modules\napimgui</Filter>
    </ClInclude>
    <ClInclude Include="C:\nap\compiled_0.6.0\system_modules\napsdlinput\include\sdlappeventhandler.h">
      <Filter>Modules\napsdlinput</Filter>
    </ClInclude>
    <ClInclude Include="C:\nap\compiled_0.6.0\system_modules\napsdlinput\include\sdleventconverter.h">
      <Filter>Modules\napsdlinput</Filter>
    </ClInclude>
    <ClInclude Include="C:\nap\compiled_0.6.0\system_modules\napsdlinput\include\sdlinputservice.h">
      <Filter>Modules\napsdlinput</Filter>
    </ClInclude>
  </ItemGroup>
  <ItemGroup>
    <CustomBuild Include="C:\nap\compiled_0.6.0\apps\foglio\CMakeLists.txt" />
  </ItemGroup>
  <ItemGroup>
    <Filter Include="Header Files">
      <UniqueIdentifier>{B822C301-2259-3370-A784-45FBE348BC4E}</UniqueIdentifier>
    </Filter>
    <Filter Include="Headers">
      <UniqueIdentifier>{9019CB09-7360-3152-B3C2-4BE0F88D8FF2}</UniqueIdentifier>
    </Filter>
    <Filter Include="Modules">
      <UniqueIdentifier>{8F4ADDF6-A021-36E3-BC79-14A6AE5EE367}</UniqueIdentifier>
    </Filter>
    <Filter Include="Modules\napapp">
      <UniqueIdentifier>{19367CA7-2BAF-39F7-B442-A40758402FB0}</UniqueIdentifier>
    </Filter>
    <Filter Include="Modules\napcameracontrol">
      <UniqueIdentifier>{1EDE1813-5D22-3567-9219-C7670B9CC60F}</UniqueIdentifier>
    </Filter>
    <Filter Include="Modules\napimgui">
      <UniqueIdentifier>{533B1A23-E4F0-318C-9AC9-78175859903E}</UniqueIdentifier>
    </Filter>
    <Filter Include="Modules\napimgui\imgui">
      <UniqueIdentifier>{EC3BEF62-290F-3159-93F3-948575D16F26}</UniqueIdentifier>
    </Filter>
    <Filter Include="Modules\napparametergui">
      <UniqueIdentifier>{1176C910-D978-3C57-81AF-32E0FC819D1D}</UniqueIdentifier>
    </Filter>
    <Filter Include="Modules\napsdlinput">
      <UniqueIdentifier>{67D39699-3D8A-3550-ABB9-38844A64477D}</UniqueIdentifier>
    </Filter>
    <Filter Include="Sources">
      <UniqueIdentifier>{D7798B62-4BD7-325F-81C7-C8430D4A72E8}</UniqueIdentifier>
    </Filter>
  </ItemGroup>
</Project>
